{
  "version": "5",
  "specifiers": {
    "npm:drizzle-orm@0.45.1": "0.45.1_postgres@3.4.7",
    "npm:errorish@2.0.0": "2.0.0",
    "npm:hono@4.4.11": "4.4.11",
    "npm:nanoid@5.1.6": "5.1.6",
    "npm:postgres@3.4.7": "3.4.7"
  },
  "npm": {
    "drizzle-orm@0.45.1_postgres@3.4.7": {
      "integrity": "sha512-Te0FOdKIistGNPMq2jscdqngBRfBpC8uMFVwqjf6gtTVJHIQ/dosgV/CLBU2N4ZJBsXL5savCba9b0YJskKdcA==",
      "dependencies": [
        "postgres"
      ],
      "optionalPeers": [
        "postgres"
      ]
    },
    "errorish@2.0.0": {
      "integrity": "sha512-91GQeOWjd9LM3OrByN1NITjKUb+5mofBYg9n8strtH0MVAgBoIw7WqtLLMbj1hCzL6J2I8QRYOt4Q2E/UJCMNg==",
      "dependencies": [
        "type-core"
      ]
    },
    "hono@4.4.11": {
      "integrity": "sha512-R5RADpjoRsR3/VsnFovpsYNLPnC1f+FgdfsePk3qIgjb4D41Sg7uW5QCj41kzEOwXCjBg0sVvOZMvUNZ0DKB7g=="
    },
    "nanoid@5.1.6": {
      "integrity": "sha512-c7+7RQ+dMB5dPwwCp4ee1/iV/q2P6aK1mTZcfr1BTuVlyW9hJYiMPybJCcnBlQtuSmTIWNeazm/zqNoZSSElBg==",
      "bin": true
    },
    "postgres@3.4.7": {
      "integrity": "sha512-Jtc2612XINuBjIl/QTWsV5UvE8UHuNblcO3vVADSrKsrc6RqGX6lOW1cEo3CM2v0XG4Nat8nI+YM7/f26VxXLw=="
    },
    "type-core@0.15.0": {
      "integrity": "sha512-WyHD8dJjglSU0eHK+iftMF4ERrCCgURSoHHbHiWPov9FXpu6R4/aw7DeU+UHNwoEpCkvg9x1/MWldeJlxgt/xg=="
    }
  },
  "workspace": {
    "dependencies": [
      "npm:drizzle-orm@0.45.1",
      "npm:errorish@2.0.0",
      "npm:hono@4.4.11",
      "npm:nanoid@5.1.6",
      "npm:postgres@3.4.7"
    ]
  }
}
